
Microsoft Visual Studio Solution File, Format Version 12.00
# Visual Studio Version 17
VisualStudioVersion = 17.2.32526.322
MinimumVisualStudioVersion = 10.0.40219.1
Project("{9A19103F-16F7-4668-BE54-9A1E7A4F7556}") = "study", "study.csproj", "{0BC05E80-D754-406C-A8E8-6EAB83E17F8B}"
EndProject
Global
	GlobalSection(SolutionConfigurationPlatforms) = preSolution
		Debug|Any CPU = Debug|Any CPU
		Release|Any CPU = Release|Any CPU
	EndGlobalSection
	GlobalSection(ProjectConfigurationPlatforms) = postSolution
		{0BC05E80-D754-406C-A8E8-6EAB83E17F8B}.Debug|Any CPU.ActiveCfg = Debug|Any CPU
		{0BC05E80-D754-406C-A8E8-6EAB83E17F8B}.Debug|Any CPU.Build.0 = Debug|Any CPU
		{0BC05E80-D754-406C-A8E8-6EAB83E17F8B}.Release|Any CPU.ActiveCfg = Release|Any CPU
		{0BC05E80-D754-406C-A8E8-6EAB83E17F8B}.Release|Any CPU.Build.0 = Release|Any CPU
	EndGlobalSection
	GlobalSection(SolutionProperties) = preSolution
		HideSolutionNode = FALSE
	EndGlobalSection
	GlobalSection(ExtensibilityGlobals) = postSolution
		SolutionGuid = {71C37CBC-D2EE-4A67-9D9E-597BEE938190}
	EndGlobalSection
EndGlobal
